Microsoft Visual Studio Solution File, Format Version 12.00
# Visual Studio Version 17
VisualStudioVersion = 17.5.2.0
MinimumVisualStudioVersion = 10.0.40219.1
Project("{FAE04EC0-301F-11D3-BF4B-00C04F79EFBC}") = "TagDeployer", "TagDeployer.csproj", "{AEED4686-48C9-AAAE-BF11-C2BD83395D0F}"
EndProject
Global
	GlobalSection(SolutionConfigurationPlatforms) = preSolution
		Debug|Any CPU = Debug|Any CPU
		Release|Any CPU = Release|Any CPU
	EndGlobalSection
	GlobalSection(ProjectConfigurationPlatforms) = postSolution
		{AEED4686-48C9-AAAE-BF11-C2BD83395D0F}.Debug|Any CPU.ActiveCfg = Debug|Any CPU
		{AEED4686-48C9-AAAE-BF11-C2BD83395D0F}.Debug|Any CPU.Build.0 = Debug|Any CPU
		{AEED4686-48C9-AAAE-BF11-C2BD83395D0F}.Release|Any CPU.ActiveCfg = Release|Any CPU
		{AEED4686-48C9-AAAE-BF11-C2BD83395D0F}.Release|Any CPU.Build.0 = Release|Any CPU
	EndGlobalSection
	GlobalSection(SolutionProperties) = preSolution
		HideSolutionNode = FALSE
	EndGlobalSection
	GlobalSection(ExtensibilityGlobals) = postSolution
		SolutionGuid = {EEA0AEE3-C915-4102-B3D2-BAD5CD3E42A8}
	EndGlobalSection
EndGlobal
